{
  "meteor": {},
  "dependencies": {
    "basePackages": {
      "iron-router": {},
      "bootstrap-3": {},
      "accounts-ui-bootstrap-3": {},
      "cron": {},
      "bootstrap3-wysihtml5": {},
      "moment": {},
      "font-awesome": {},
      "bootstrap3-datetimepicker": {}
    },
    "packages": {
      "iron-router": {
        "git": "https://github.com/EventedMind/iron-router.git",
        "tag": "v0.6.4",
        "commit": "927bbaed1b87894fb6fb70807f74ff3a5bd89f29"
      },
      "bootstrap-3": {
        "git": "https://github.com/mangasocial/meteor-bootstrap-3.git",
        "tag": "v3.1.0-1",
        "commit": "329dccb08bfc18c635676dea600ac9953162cda9"
      },
      "accounts-ui-bootstrap-3": {
        "git": "https://github.com/mangasocial/meteor-accounts-ui-bootstrap-3.git",
        "tag": "v0.2.5",
        "commit": "91cd37a1320213dd209c3a668bf542eeb9c39a00"
      },
      "cron": {
        "git": "https://github.com/alexsuslov/Meteor.cron.git",
        "tag": "v0.0.1",
        "commit": "5216d14472fee7b692e8371aadc9f35f54ba9bb0"
      },
      "bootstrap3-wysihtml5": {
        "git": "https://github.com/andreioprisan/meteor-bootstrap3-wysihtml5.git",
        "tag": "v0.3.3",
        "commit": "251d564c3eb5b5b7a89a3e3e63f58633e0816332"
      },
      "moment": {
        "git": "https://github.com/acreeger/meteor-moment.git",
        "tag": "v2.5.1",
        "commit": "8c9bc5d3fc96705057737cb9743d555417f6e551"
      },
      "font-awesome": {
        "git": "https://github.com/nate-strauser/meteor-font-awesome.git",
        "tag": "v4.0.3",
        "commit": "61e9361384347547ae144f8228faa4deffda23db"
      },
      "bootstrap3-datetimepicker": {
        "git": "https://github.com/tsega/meteor-bootstrap3-datetimepicker.git",
        "tag": "v0.0.5",
        "commit": "30b5fa0759f98b75761772ad891876408f7cc8c4"
      }
    }
  }
}
